<Solution>
  <Project Path="EventApi.IntegrationTests/EventApi.IntegrationTests.csproj" Id="fa521060-2405-48e9-80b1-34095f7a273e" />
  <Project Path="YAP_middle-csharp.Application/YAP_middle-csharp.Application.csproj" Id="6fcb2e24-b881-4304-a106-293b07d14fad" />
  <Project Path="YAP_middle-csharp.Domain/YAP_middle-csharp.Domain.csproj" Id="7aed474f-acbc-4f23-808d-d2e38b758f74" />
  <Project Path="YAP_middle-csharp.Infrastructure/YAP_middle-csharp.Infrastructure.csproj" Id="43b21639-b7a4-456e-9440-b83f8537ce9c" />
  <Project Path="YAP_middle-csharp.Tests/YAP_middle-csharp.Tests.csproj" Id="2c088f49-bb9a-468a-ae80-b6504df75cad" />
  <Project Path="YAP_middle-csharp/YAP_middle-csharp.csproj" />
</Solution>
