<Solution>
  <Project Path="../YAP_middle_csharp.Contracts/YAP_middle_csharp.Contracts/YAP_middle_csharp.Contracts.csproj" />
  <Project Path="YAP_middle-csharp_Auth.Domain/YAP_middle-csharp_Auth.Domain.csproj" Id="e35ed8e0-8f66-4ddd-b706-61c0efd18fe6" />
  <Project Path="YAP_middle-csharp_Auth.Infrastructure/YAP_middle-csharp_Auth.Infrastructure.csproj" Id="e68d0c57-b7c1-477b-a7a3-fef4a69c5742" />
  <Project Path="YAP_middle-csharp_Auth/YAP_middle-csharp_Auth.csproj" />
  <Project Path="YAP_middle-csharp_Auth_Application/YAP_middle-csharp_Auth.Application.csproj" Id="c3f9d274-239f-43a8-a50e-5e41e1fc7c7c" />
</Solution>
